
Microsoft Visual Studio Solution File, Format Version 12.00
# Visual Studio Version 17
VisualStudioVersion = 17.0.31912.275
MinimumVisualStudioVersion = 10.0.40219.1
Project("{FAE04EC0-301F-11D3-BF4B-00C04F79EFBC}") = "WPF-3d-Edu", "WPF-3d-Edu\WPF-3d-Edu.csproj", "{1399D077-4FD8-4959-9E1C-2572BA6A982B}"
EndProject
Global
	GlobalSection(SolutionConfigurationPlatforms) = preSolution
		Debug|Any CPU = Debug|Any CPU
		Release|Any CPU = Release|Any CPU
	EndGlobalSection
	GlobalSection(ProjectConfigurationPlatforms) = postSolution
		{1399D077-4FD8-4959-9E1C-2572BA6A982B}.Debug|Any CPU.ActiveCfg = Debug|Any CPU
		{1399D077-4FD8-4959-9E1C-2572BA6A982B}.Debug|Any CPU.Build.0 = Debug|Any CPU
		{1399D077-4FD8-4959-9E1C-2572BA6A982B}.Release|Any CPU.ActiveCfg = Release|Any CPU
		{1399D077-4FD8-4959-9E1C-2572BA6A982B}.Release|Any CPU.Build.0 = Release|Any CPU
	EndGlobalSection
	GlobalSection(SolutionProperties) = preSolution
		HideSolutionNode = FALSE
	EndGlobalSection
	GlobalSection(ExtensibilityGlobals) = postSolution
		SolutionGuid = {15D3D6F9-E4C8-455B-AE17-EA42B7E3E10D}
	EndGlobalSection
EndGlobal
